// !$*UTF8*$!
{
	archiveVersion = 1;
	classes = {
	};
	objectVersion = 50;
	objects = {

/* Begin PBXBuildFile section */
		96909BAA24369A6500F0330F /* AppDelegate.swift in Sources */ = {isa = PBXBuildFile; fileRef = 96909BA924369A6500F0330F /* AppDelegate.swift */; };
		96909BAC24369A6500F0330F /* SceneDelegate.swift in Sources */ = {isa = PBXBuildFile; fileRef = 96909BAB24369A6500F0330F /* SceneDelegate.swift */; };
		96909BB124369A6500F0330F /* Main.storyboard in Resources */ = {isa = PBXBuildFile; fileRef = 96909BAF24369A6500F0330F /* Main.storyboard */; };
		96909BB324369A6700F0330F /* Assets.xcassets in Resources */ = {isa = PBXBuildFile; fileRef = 96909BB224369A6700F0330F /* Assets.xcassets */; };
		96909BB624369A6700F0330F /* LaunchScreen.storyboard in Resources */ = {isa = PBXBuildFile; fileRef = 96909BB424369A6700F0330F /* LaunchScreen.storyboard */; };
		96909BC424369BE400F0330F /* UITextField+Icons.swift in Sources */ = {isa = PBXBuildFile; fileRef = 96909BC324369BE400F0330F /* UITextField+Icons.swift */; };
		96909BC62437966D00F0330F /* TextFieldIconsViewController.swift in Sources */ = {isa = PBXBuildFile; fileRef = 96909BC52437966D00F0330F /* TextFieldIconsViewController.swift */; };
/* End PBXBuildFile section */

/* Begin PBXFileReference section */
		96909BA624369A6500F0330F /* UITextField+Icons.app */ = {isa = PBXFileReference; explicitFileType = wrapper.application; includeInIndex = 0; path = "UITextField+Icons.app"; sourceTree = BUILT_PRODUCTS_DIR; };
		96909BA924369A6500F0330F /* AppDelegate.swift */ = {isa = PBXFileReference; lastKnownFileType = sourcecode.swift; path = AppDelegate.swift; sourceTree = "<group>"; };
		96909BAB24369A6500F0330F /* SceneDelegate.swift */ = {isa = PBXFileReference; lastKnownFileType = sourcecode.swift; path = SceneDelegate.swift; sourceTree = "<group>"; };
		96909BB024369A6500F0330F /* Base */ = {isa = PBXFileReference; lastKnownFileType = file.storyboard; name = Base; path = Base.lproj/Main.storyboard; sourceTree = "<group>"; };
		96909BB224369A6700F0330F /* Assets.xcassets */ = {isa = PBXFileReference; lastKnownFileType = folder.assetcatalog; path = Assets.xcassets; sourceTree = "<group>"; };
		96909BB524369A6700F0330F /* Base */ = {isa = PBXFileReference; lastKnownFileType = file.storyboard; name = Base; path = Base.lproj/LaunchScreen.storyboard; sourceTree = "<group>"; };
		96909BB724369A6700F0330F /* Info.plist */ = {isa = PBXFileReference; lastKnownFileType = text.plist.xml; path = Info.plist; sourceTree = "<group>"; };
		96909BC324369BE400F0330F /* UITextField+Icons.swift */ = {isa = PBXFileReference; lastKnownFileType = sourcecode.swift; path = "UITextField+Icons.swift"; sourceTree = "<group>"; };
		96909BC52437966D00F0330F /* TextFieldIconsViewController.swift */ = {isa = PBXFileReference; lastKnownFileType = sourcecode.swift; path = TextFieldIconsViewController.swift; sourceTree = "<group>"; };
		96909BC72437CA7F00F0330F /* README.md */ = {isa = PBXFileReference; lastKnownFileType = net.daringfireball.markdown; path = README.md; sourceTree = "<group>"; };
/* End PBXFileReference section */

/* Begin PBXFrameworksBuildPhase section */
		96909BA324369A6500F0330F /* Frameworks */ = {
			isa = PBXFrameworksBuildPhase;
			buildActionMask = 2147483647;
			files = (
			);
			runOnlyForDeploymentPostprocessing = 0;
		};
/* End PBXFrameworksBuildPhase section */

/* Begin PBXGroup section */
		96909B9D24369A6500F0330F = {
			isa = PBXGroup;
			children = (
				96909BC72437CA7F00F0330F /* README.md */,
				96909BA824369A6500F0330F /* UITextField+Icons */,
				96909BA724369A6500F0330F /* Products */,
			);
			sourceTree = "<group>";
		};
		96909BA724369A6500F0330F /* Products */ = {
			isa = PBXGroup;
			children = (
				96909BA624369A6500F0330F /* UITextField+Icons.app */,
			);
			name = Products;
			sourceTree = "<group>";
		};
		96909BA824369A6500F0330F /* UITextField+Icons */ = {
			isa = PBXGroup;
			children = (
				96909BA924369A6500F0330F /* AppDelegate.swift */,
				96909BB224369A6700F0330F /* Assets.xcassets */,
				96909BB724369A6700F0330F /* Info.plist */,
				96909BAB24369A6500F0330F /* SceneDelegate.swift */,
				96909BBF24369AB800F0330F /* Extensions */,
				96909BBE24369A9300F0330F /* Storyboards */,
				96909BBD24369A8A00F0330F /* View Controllers */,
			);
			path = "UITextField+Icons";
			sourceTree = "<group>";
		};
		96909BBD24369A8A00F0330F /* View Controllers */ = {
			isa = PBXGroup;
			children = (
				96909BC52437966D00F0330F /* TextFieldIconsViewController.swift */,
			);
			path = "View Controllers";
			sourceTree = "<group>";
		};
		96909BBE24369A9300F0330F /* Storyboards */ = {
			isa = PBXGroup;
			children = (
				96909BB424369A6700F0330F /* LaunchScreen.storyboard */,
				96909BAF24369A6500F0330F /* Main.storyboard */,
			);
			path = Storyboards;
			sourceTree = "<group>";
		};
		96909BBF24369AB800F0330F /* Extensions */ = {
			isa = PBXGroup;
			children = (
				96909BC324369BE400F0330F /* UITextField+Icons.swift */,
			);
			path = Extensions;
			sourceTree = "<group>";
		};
/* End PBXGroup section */

/* Begin PBXNativeTarget section */
		96909BA524369A6500F0330F /* UITextField+Icons */ = {
			isa = PBXNativeTarget;
			buildConfigurationList = 96909BBA24369A6700F0330F /* Build configuration list for PBXNativeTarget "UITextField+Icons" */;
			buildPhases = (
				96909BA224369A6500F0330F /* Sources */,
				96909BA324369A6500F0330F /* Frameworks */,
				96909BA424369A6500F0330F /* Resources */,
			);
			buildRules = (
			);
			dependencies = (
			);
			name = "UITextField+Icons";
			productName = "Custom Controls";
			productReference = 96909BA624369A6500F0330F /* UITextField+Icons.app */;
			productType = "com.apple.product-type.application";
		};
/* End PBXNativeTarget section */

/* Begin PBXProject section */
		96909B9E24369A6500F0330F /* Project object */ = {
			isa = PBXProject;
			attributes = {
				LastSwiftUpdateCheck = 1140;
				LastUpgradeCheck = 1140;
				ORGANIZATIONNAME = "Jason Cox";
				TargetAttributes = {
					96909BA524369A6500F0330F = {
						CreatedOnToolsVersion = 11.4;
					};
				};
			};
			buildConfigurationList = 96909BA124369A6500F0330F /* Build configuration list for PBXProject "UITextField+Icons" */;
			compatibilityVersion = "Xcode 9.3";
			developmentRegion = en;
			hasScannedForEncodings = 0;
			knownRegions = (
				en,
				Base,
			);
			mainGroup = 96909B9D24369A6500F0330F;
			productRefGroup = 96909BA724369A6500F0330F /* Products */;
			projectDirPath = "";
			projectRoot = "";
			targets = (
				96909BA524369A6500F0330F /* UITextField+Icons */,
			);
		};
/* End PBXProject section */

/* Begin PBXResourcesBuildPhase section */
		96909BA424369A6500F0330F /* Resources */ = {
			isa = PBXResourcesBuildPhase;
			buildActionMask = 2147483647;
			files = (
				96909BB624369A6700F0330F /* LaunchScreen.storyboard in Resources */,
				96909BB324369A6700F0330F /* Assets.xcassets in Resources */,
				96909BB124369A6500F0330F /* Main.storyboard in Resources */,
			);
			runOnlyForDeploymentPostprocessing = 0;
		};
/* End PBXResourcesBuildPhase section */

/* Begin PBXSourcesBuildPhase section */
		96909BA224369A6500F0330F /* Sources */ = {
			isa = PBXSourcesBuildPhase;
			buildActionMask = 2147483647;
			files = (
				96909BC424369BE400F0330F /* UITextField+Icons.swift in Sources */,
				96909BC62437966D00F0330F /* TextFieldIconsViewController.swift in Sources */,
				96909BAA24369A6500F0330F /* AppDelegate.swift in Sources */,
				96909BAC24369A6500F0330F /* SceneDelegate.swift in Sources */,
			);
			runOnlyForDeploymentPostprocessing = 0;
		};
/* End PBXSourcesBuildPhase section */

/* Begin PBXVariantGroup section */
		96909BAF24369A6500F0330F /* Main.storyboard */ = {
			isa = PBXVariantGroup;
			children = (
				96909BB024369A6500F0330F /* Base */,
			);
			name = Main.storyboard;
			sourceTree = "<group>";
		};
		96909BB424369A6700F0330F /* LaunchScreen.storyboard */ = {
			isa = PBXVariantGroup;
			children = (
				96909BB524369A6700F0330F /* Base */,
			);
			name = LaunchScreen.storyboard;
			sourceTree = "<group>";
		};
/* End PBXVariantGroup section */

/* Begin XCBuildConfiguration section */
		96909BB824369A6700F0330F /* Debug */ = {
			isa = XCBuildConfiguration;
			buildSettings = {
				ALWAYS_SEARCH_USER_PATHS = NO;
				CLANG_ANALYZER_NONNULL = YES;
				CLANG_ANALYZER_NUMBER_OBJECT_CONVERSION = YES_AGGRESSIVE;
				CLANG_CXX_LANGUAGE_STANDARD = "gnu++14";
				CLANG_CXX_LIBRARY = "libc++";
				CLANG_ENABLE_MODULES = YES;
				CLANG_ENABLE_OBJC_ARC = YES;
				CLANG_ENABLE_OBJC_WEAK = YES;
				CLANG_WARN_BLOCK_CAPTURE_AUTORELEASING = YES;
				CLANG_WARN_BOOL_CONVERSION = YES;
				CLANG_WARN_COMMA = YES;
				CLANG_WARN_CONSTANT_CONVERSION = YES;
				CLANG_WARN_DEPRECATED_OBJC_IMPLEMENTATIONS = YES;
				CLANG_WARN_DIRECT_OBJC_ISA_USAGE = YES_ERROR;
				CLANG_WARN_DOCUMENTATION_COMMENTS = YES;
				CLANG_WARN_EMPTY_BODY = YES;
				CLANG_WARN_ENUM_CONVERSION = YES;
				CLANG_WARN_INFINITE_RECURSION = YES;
				CLANG_WARN_INT_CONVERSION = YES;
				CLANG_WARN_NON_LITERAL_NULL_CONVERSION = YES;
				CLANG_WARN_OBJC_IMPLICIT_RETAIN_SELF = YES;
				CLANG_WARN_OBJC_LITERAL_CONVERSION = YES;
				CLANG_WARN_OBJC_ROOT_CLASS = YES_ERROR;
				CLANG_WARN_RANGE_LOOP_ANALYSIS = YES;
				CLANG_WARN_STRICT_PROTOTYPES = YES;
				CLANG_WARN_SUSPICIOUS_MOVE = YES;
				CLANG_WARN_UNGUARDED_AVAILABILITY = YES_AGGRESSIVE;
				CLANG_WARN_UNREACHABLE_CODE = YES;
				CLANG_WARN__DUPLICATE_METHOD_MATCH = YES;
				COPY_PHASE_STRIP = NO;
				DEBUG_INFORMATION_FORMAT = dwarf;
				ENABLE_STRICT_OBJC_MSGSEND = YES;
				ENABLE_TESTABILITY = YES;
				GCC_C_LANGUAGE_STANDARD = gnu11;
				GCC_DYNAMIC_NO_PIC = NO;
				GCC_NO_COMMON_BLOCKS = YES;
				GCC_OPTIMIZATION_LEVEL = 0;
				GCC_PREPROCESSOR_DEFINITIONS = (
					"DEBUG=1",
					"$(inherited)",
				);
				GCC_WARN_64_TO_32_BIT_CONVERSION = YES;
				GCC_WARN_ABOUT_RETURN_TYPE = YES_ERROR;
				GCC_WARN_UNDECLARED_SELECTOR = YES;
				GCC_WARN_UNINITIALIZED_AUTOS = YES_AGGRESSIVE;
				GCC_WARN_UNUSED_FUNCTION = YES;
				GCC_WARN_UNUSED_VARIABLE = YES;
				IPHONEOS_DEPLOYMENT_TARGET = 13.4;
				MTL_ENABLE_DEBUG_INFO = INCLUDE_SOURCE;
				MTL_FAST_MATH = YES;
				ONLY_ACTIVE_ARCH = YES;
				SDKROOT = iphoneos;
				SWIFT_ACTIVE_COMPILATION_CONDITIONS = DEBUG;
				SWIFT_OPTIMIZATION_LEVEL = "-Onone";
			};
			name = Debug;
		};
		96909BB924369A6700F0330F /* Release */ = {
			isa = XCBuildConfiguration;
			buildSettings = {
				ALWAYS_SEARCH_USER_PATHS = NO;
				CLANG_ANALYZER_NONNULL = YES;
				CLANG_ANALYZER_NUMBER_OBJECT_CONVERSION = YES_AGGRESSIVE;
				CLANG_CXX_LANGUAGE_STANDARD = "gnu++14";
				CLANG_CXX_LIBRARY = "libc++";
				CLANG_ENABLE_MODULES = YES;
				CLANG_ENABLE_OBJC_ARC = YES;
				CLANG_ENABLE_OBJC_WEAK = YES;
				CLANG_WARN_BLOCK_CAPTURE_AUTORELEASING = YES;
				CLANG_WARN_BOOL_CONVERSION = YES;
				CLANG_WARN_COMMA = YES;
				CLANG_WARN_CONSTANT_CONVERSION = YES;
				CLANG_WARN_DEPRECATED_OBJC_IMPLEMENTATIONS = YES;
				CLANG_WARN_DIRECT_OBJC_ISA_USAGE = YES_ERROR;
				CLANG_WARN_DOCUMENTATION_COMMENTS = YES;
				CLANG_WARN_EMPTY_BODY = YES;
				CLANG_WARN_ENUM_CONVERSION = YES;
				CLANG_WARN_INFINITE_RECURSION = YES;
				CLANG_WARN_INT_CONVERSION = YES;
				CLANG_WARN_NON_LITERAL_NULL_CONVERSION = YES;
				CLANG_WARN_OBJC_IMPLICIT_RETAIN_SELF = YES;
				CLANG_WARN_OBJC_LITERAL_CONVERSION = YES;
				CLANG_WARN_OBJC_ROOT_CLASS = YES_ERROR;
				CLANG_WARN_RANGE_LOOP_ANALYSIS = YES;
				CLANG_WARN_STRICT_PROTOTYPES = YES;
				CLANG_WARN_SUSPICIOUS_MOVE = YES;
				CLANG_WARN_UNGUARDED_AVAILABILITY = YES_AGGRESSIVE;
				CLANG_WARN_UNREACHABLE_CODE = YES;
				CLANG_WARN__DUPLICATE_METHOD_MATCH = YES;
				COPY_PHASE_STRIP = NO;
				DEBUG_INFORMATION_FORMAT = "dwarf-with-dsym";
				ENABLE_NS_ASSERTIONS = NO;
				ENABLE_STRICT_OBJC_MSGSEND = YES;
				GCC_C_LANGUAGE_STANDARD = gnu11;
				GCC_NO_COMMON_BLOCKS = YES;
				GCC_WARN_64_TO_32_BIT_CONVERSION = YES;
				GCC_WARN_ABOUT_RETURN_TYPE = YES_ERROR;
				GCC_WARN_UNDECLARED_SELECTOR = YES;
				GCC_WARN_UNINITIALIZED_AUTOS = YES_AGGRESSIVE;
				GCC_WARN_UNUSED_FUNCTION = YES;
				GCC_WARN_UNUSED_VARIABLE = YES;
				IPHONEOS_DEPLOYMENT_TARGET = 13.4;
				MTL_ENABLE_DEBUG_INFO = NO;
				MTL_FAST_MATH = YES;
				SDKROOT = iphoneos;
				SWIFT_COMPILATION_MODE = wholemodule;
				SWIFT_OPTIMIZATION_LEVEL = "-O";
				VALIDATE_PRODUCT = YES;
			};
			name = Release;
		};
		96909BBB24369A6700F0330F /* Debug */ = {
			isa = XCBuildConfiguration;
			buildSettings = {
				ASSETCATALOG_COMPILER_APPICON_NAME = AppIcon;
				CODE_SIGN_STYLE = Automatic;
				INFOPLIST_FILE = "UITextField+Icons/Info.plist";
				LD_RUNPATH_SEARCH_PATHS = (
					"$(inherited)",
					"@executable_path/Frameworks",
				);
				PRODUCT_BUNDLE_IDENTIFIER = "com.8757nc.UITextField-Icons";
				PRODUCT_NAME = "UITextField+Icons";
				SWIFT_VERSION = 5.0;
				TARGETED_DEVICE_FAMILY = "1,2";
			};
			name = Debug;
		};
		96909BBC24369A6700F0330F /* Release */ = {
			isa = XCBuildConfiguration;
			buildSettings = {
				ASSETCATALOG_COMPILER_APPICON_NAME = AppIcon;
				CODE_SIGN_STYLE = Automatic;
				INFOPLIST_FILE = "UITextField+Icons/Info.plist";
				LD_RUNPATH_SEARCH_PATHS = (
					"$(inherited)",
					"@executable_path/Frameworks",
				);
				PRODUCT_BUNDLE_IDENTIFIER = "com.8757nc.UITextField-Icons";
				PRODUCT_NAME = "UITextField+Icons";
				SWIFT_VERSION = 5.0;
				TARGETED_DEVICE_FAMILY = "1,2";
			};
			name = Release;
		};
/* End XCBuildConfiguration section */

/* Begin XCConfigurationList section */
		96909BA124369A6500F0330F /* Build configuration list for PBXProject "UITextField+Icons" */ = {
			isa = XCConfigurationList;
			buildConfigurations = (
				96909BB824369A6700F0330F /* Debug */,
				96909BB924369A6700F0330F /* Release */,
			);
			defaultConfigurationIsVisible = 0;
			defaultConfigurationName = Release;
		};
		96909BBA24369A6700F0330F /* Build configuration list for PBXNativeTarget "UITextField+Icons" */ = {
			isa = XCConfigurationList;
			buildConfigurations = (
				96909BBB24369A6700F0330F /* Debug */,
				96909BBC24369A6700F0330F /* Release */,
			);
			defaultConfigurationIsVisible = 0;
			defaultConfigurationName = Release;
		};
/* End XCConfigurationList section */
	};
	rootObject = 96909B9E24369A6500F0330F /* Project object */;
}
